
Microsoft Visual Studio Solution File, Format Version 12.00
# Visual Studio Version 17
VisualStudioVersion = 17.4.33122.133
MinimumVisualStudioVersion = 10.0.40219.1
Project("{9A19103F-16F7-4668-BE54-9A1E7A4F7556}") = "ImageNormalizerLibrary", "ImageNormalizerLibrary.csproj", "{A2BE5389-F14B-46A9-B9AF-E2E7DF93408D}"
EndProject
Global
	GlobalSection(SolutionConfigurationPlatforms) = preSolution
		Debug|Any CPU = Debug|Any CPU
		Debug|x64 = Debug|x64
		Release|Any CPU = Release|Any CPU
		Release|x64 = Release|x64
	EndGlobalSection
	GlobalSection(ProjectConfigurationPlatforms) = postSolution
		{A2BE5389-F14B-46A9-B9AF-E2E7DF93408D}.Debug|Any CPU.ActiveCfg = Debug|Any CPU
		{A2BE5389-F14B-46A9-B9AF-E2E7DF93408D}.Debug|Any CPU.Build.0 = Debug|Any CPU
		{A2BE5389-F14B-46A9-B9AF-E2E7DF93408D}.Debug|x64.ActiveCfg = Debug|x64
		{A2BE5389-F14B-46A9-B9AF-E2E7DF93408D}.Debug|x64.Build.0 = Debug|x64
		{A2BE5389-F14B-46A9-B9AF-E2E7DF93408D}.Release|Any CPU.ActiveCfg = Release|Any CPU
		{A2BE5389-F14B-46A9-B9AF-E2E7DF93408D}.Release|Any CPU.Build.0 = Release|Any CPU
		{A2BE5389-F14B-46A9-B9AF-E2E7DF93408D}.Release|x64.ActiveCfg = Release|x64
		{A2BE5389-F14B-46A9-B9AF-E2E7DF93408D}.Release|x64.Build.0 = Release|x64
	EndGlobalSection
	GlobalSection(SolutionProperties) = preSolution
		HideSolutionNode = FALSE
	EndGlobalSection
	GlobalSection(ExtensibilityGlobals) = postSolution
		SolutionGuid = {8840FD50-FF3B-4A45-93FE-F620FE8BC525}
	EndGlobalSection
EndGlobal
